{
  "originHash" : "25f76b17ee6f55751e3b2c27541562b9976ff52e71313dd24e76bb681dab0cb2",
  "pins" : [
    {
      "identity" : "fmfoundation",
      "kind" : "remoteSourceControl",
      "location" : "https://github.com/wlo1561411/FMFoundation.git",
      "state" : {
        "branch" : "main",
        "revision" : "d862ce96c26cb0ca46552c304fd5913b3795f2f3"
      }
    },
    {
      "identity" : "fmuikit",
      "kind" : "remoteSourceControl",
      "location" : "https://github.com/wlo1561411/FMUIKit.git",
      "state" : {
        "branch" : "main",
        "revision" : "b44902bc6501e721e7e7cbdac68207fcf0d7e4ff"
      }
    },
    {
      "identity" : "snapkit",
      "kind" : "remoteSourceControl",
      "location" : "https://github.com/SnapKit/SnapKit.git",
      "state" : {
        "revision" : "2842e6e84e82eb9a8dac0100ca90d9444b0307f4",
        "version" : "5.7.1"
      }
    }
  ],
  "version" : 3
}
